
Microsoft Visual Studio Solution File, Format Version 12.00
# Visual Studio Version 16
VisualStudioVersion = 16.0.30204.135
MinimumVisualStudioVersion = 10.0.40219.1
Project("{FAE04EC0-301F-11D3-BF4B-00C04F79EFBC}") = "aspnetcore-api-lite", "aspnetcore-api-lite\aspnetcore-api-lite.csproj", "{66183E6F-3B1A-44CF-A34A-EBBFCFE1483B}"
EndProject
Global
	GlobalSection(SolutionConfigurationPlatforms) = preSolution
		Debug|Any CPU = Debug|Any CPU
		Release|Any CPU = Release|Any CPU
	EndGlobalSection
	GlobalSection(ProjectConfigurationPlatforms) = postSolution
		{66183E6F-3B1A-44CF-A34A-EBBFCFE1483B}.Debug|Any CPU.ActiveCfg = Debug|Any CPU
		{66183E6F-3B1A-44CF-A34A-EBBFCFE1483B}.Debug|Any CPU.Build.0 = Debug|Any CPU
		{66183E6F-3B1A-44CF-A34A-EBBFCFE1483B}.Release|Any CPU.ActiveCfg = Release|Any CPU
		{66183E6F-3B1A-44CF-A34A-EBBFCFE1483B}.Release|Any CPU.Build.0 = Release|Any CPU
	EndGlobalSection
	GlobalSection(SolutionProperties) = preSolution
		HideSolutionNode = FALSE
	EndGlobalSection
	GlobalSection(ExtensibilityGlobals) = postSolution
		SolutionGuid = {4AD73F8F-579F-4F84-8C49-EDADA46C13BA}
	EndGlobalSection
EndGlobal
